PODS:
  - AparajitaCapacitorBiometricAuth (8.0.2):
    - Capacitor
  - Capacitor (6.2.1):
    - CapacitorCordova
  - CapacitorCordova (6.2.1)
  - CapacitorFilesystem (6.0.4):
    - Capacitor
  - CapacitorNetwork (6.0.4):
    - Capacitor
  - CapacitorPreferences (6.0.4):
    - Capacitor
  - CapacitorPushNotifications (6.0.5):
    - Capacitor
  - CapacitorScreenOrientation (6.0.4):
    - Capacitor
  - CapacitorShare (6.0.4):
    - Capacitor
  - CapacitorSplashScreen (6.0.4):
    - Capacitor

DEPENDENCIES:
  - "AparajitaCapacitorBiometricAuth (from `../../node_modules/@aparajita/capacitor-biometric-auth`)"
  - "Capacitor (from `../../node_modules/@capacitor/ios`)"
  - "CapacitorCordova (from `../../node_modules/@capacitor/ios`)"
  - "CapacitorFilesystem (from `../../node_modules/@capacitor/filesystem`)"
  - "CapacitorNetwork (from `../../node_modules/@capacitor/network`)"
  - "CapacitorPreferences (from `../../node_modules/@capacitor/preferences`)"
  - "CapacitorPushNotifications (from `../../node_modules/@capacitor/push-notifications`)"
  - "CapacitorScreenOrientation (from `../../node_modules/@capacitor/screen-orientation`)"
  - "CapacitorShare (from `../../node_modules/@capacitor/share`)"
  - "CapacitorSplashScreen (from `../../node_modules/@capacitor/splash-screen`)"

EXTERNAL SOURCES:
  AparajitaCapacitorBiometricAuth:
    :path: "../../node_modules/@aparajita/capacitor-biometric-auth"
  Capacitor:
    :path: "../../node_modules/@capacitor/ios"
  CapacitorCordova:
    :path: "../../node_modules/@capacitor/ios"
  CapacitorFilesystem:
    :path: "../../node_modules/@capacitor/filesystem"
  CapacitorNetwork:
    :path: "../../node_modules/@capacitor/network"
  CapacitorPreferences:
    :path: "../../node_modules/@capacitor/preferences"
  CapacitorPushNotifications:
    :path: "../../node_modules/@capacitor/push-notifications"
  CapacitorScreenOrientation:
    :path: "../../node_modules/@capacitor/screen-orientation"
  CapacitorShare:
    :path: "../../node_modules/@capacitor/share"
  CapacitorSplashScreen:
    :path: "../../node_modules/@capacitor/splash-screen"

SPEC CHECKSUMS:
  AparajitaCapacitorBiometricAuth: c058563fe00160e12b022341e11b3181357ea93a
  Capacitor: c95400d761e376be9da6be5a05f226c0e865cebf
  CapacitorCordova: 8d93e14982f440181be7304aa9559ca631d77fff
  CapacitorFilesystem: 5b9aec35c0212bd0064e26d278c93e925864f212
  CapacitorNetwork: 093efa3664b692a971bdd01be70523291cd6a87f
  CapacitorPreferences: 5848e0691b36b4bb4acc98e481ab56d451578d30
  CapacitorPushNotifications: 35abece14371c57172e8321c9ccc8b6fa35fabfe
  CapacitorScreenOrientation: 9ac79362f7389af6fa70a76fdad84c4b1d8324e7
  CapacitorShare: 77ff779e3b7c6ae9fb5461e52cf7ef805d429491
  CapacitorSplashScreen: ef140a8b1ea7244e0c245ce2dd4ce5251e7ab86a

PODFILE CHECKSUM: 0d3588b0bfb1edc7a63e414fee3573715c7140d2

COCOAPODS: 1.16.2
